
Microsoft Visual Studio Solution File, Format Version 12.00
# Visual Studio 2012
Project("{FAE04EC0-301F-11D3-BF4B-00C04F79EFBC}") = "HelloWorldChina", "HelloWorldChina\HelloWorldChina.csproj", "{F33101E6-356E-496C-958C-C14E94DA6740}"
EndProject
Global
	GlobalSection(SolutionConfigurationPlatforms) = preSolution
		Debug|Any CPU = Debug|Any CPU
		Release|Any CPU = Release|Any CPU
	EndGlobalSection
	GlobalSection(ProjectConfigurationPlatforms) = postSolution
		{F33101E6-356E-496C-958C-C14E94DA6740}.Debug|Any CPU.ActiveCfg = Debug|Any CPU
		{F33101E6-356E-496C-958C-C14E94DA6740}.Debug|Any CPU.Build.0 = Debug|Any CPU
		{F33101E6-356E-496C-958C-C14E94DA6740}.Release|Any CPU.ActiveCfg = Release|Any CPU
		{F33101E6-356E-496C-958C-C14E94DA6740}.Release|Any CPU.Build.0 = Release|Any CPU
	EndGlobalSection
	GlobalSection(SolutionProperties) = preSolution
		HideSolutionNode = FALSE
	EndGlobalSection
EndGlobal
